
Microsoft Visual Studio Solution File, Format Version 12.00
# Visual Studio Version 16
VisualStudioVersion = 16.0.31624.102
MinimumVisualStudioVersion = 10.0.40219.1
Project("{FAE04EC0-301F-11D3-BF4B-00C04F79EFBC}") = "CraftAI.Terrain.Service", "CraftAI.Terrain.Service\CraftAI.Terrain.Service.csproj", "{115896A6-89B8-47DC-BB36-EC98F852C962}"
EndProject
Project("{FAE04EC0-301F-11D3-BF4B-00C04F79EFBC}") = "CraftAI.Terrain.Logic", "CraftAI.Terrain.Logic\CraftAI.Terrain.Logic.csproj", "{E91F344C-A5EA-45D6-8366-9039E4371BD4}"
EndProject
Project("{FAE04EC0-301F-11D3-BF4B-00C04F79EFBC}") = "CraftAI.Terrain.Contract", "CraftAI.Terrain.Contract\CraftAI.Terrain.Contract.csproj", "{BAE119C3-6A90-4D04-A2C8-C5E604CBE8A0}"
EndProject
Global
	GlobalSection(SolutionConfigurationPlatforms) = preSolution
		Debug|Any CPU = Debug|Any CPU
		Release|Any CPU = Release|Any CPU
	EndGlobalSection
	GlobalSection(ProjectConfigurationPlatforms) = postSolution
		{115896A6-89B8-47DC-BB36-EC98F852C962}.Debug|Any CPU.ActiveCfg = Debug|Any CPU
		{115896A6-89B8-47DC-BB36-EC98F852C962}.Debug|Any CPU.Build.0 = Debug|Any CPU
		{115896A6-89B8-47DC-BB36-EC98F852C962}.Release|Any CPU.ActiveCfg = Release|Any CPU
		{115896A6-89B8-47DC-BB36-EC98F852C962}.Release|Any CPU.Build.0 = Release|Any CPU
		{E91F344C-A5EA-45D6-8366-9039E4371BD4}.Debug|Any CPU.ActiveCfg = Debug|Any CPU
		{E91F344C-A5EA-45D6-8366-9039E4371BD4}.Debug|Any CPU.Build.0 = Debug|Any CPU
		{E91F344C-A5EA-45D6-8366-9039E4371BD4}.Release|Any CPU.ActiveCfg = Release|Any CPU
		{E91F344C-A5EA-45D6-8366-9039E4371BD4}.Release|Any CPU.Build.0 = Release|Any CPU
		{BAE119C3-6A90-4D04-A2C8-C5E604CBE8A0}.Debug|Any CPU.ActiveCfg = Debug|Any CPU
		{BAE119C3-6A90-4D04-A2C8-C5E604CBE8A0}.Debug|Any CPU.Build.0 = Debug|Any CPU
		{BAE119C3-6A90-4D04-A2C8-C5E604CBE8A0}.Release|Any CPU.ActiveCfg = Release|Any CPU
		{BAE119C3-6A90-4D04-A2C8-C5E604CBE8A0}.Release|Any CPU.Build.0 = Release|Any CPU
	EndGlobalSection
	GlobalSection(SolutionProperties) = preSolution
		HideSolutionNode = FALSE
	EndGlobalSection
	GlobalSection(ExtensibilityGlobals) = postSolution
		SolutionGuid = {2E282BFC-0C22-4839-BF41-41ECD0C71D5F}
	EndGlobalSection
EndGlobal
