
Microsoft Visual Studio Solution File, Format Version 12.00
# Visual Studio Version 17
VisualStudioVersion = 17.0.31912.275
MinimumVisualStudioVersion = 10.0.40219.1
Project("{2150E333-8FDC-42A3-9474-1A3956D46DE8}") = "Tests", "Tests", "{14F5EB95-A337-4E63-88D0-244DAB14E721}"
EndProject
Project("{9A19103F-16F7-4668-BE54-9A1E7A4F7556}") = "CraftAI.Gate.Logic", "SEGate.Logic\CraftAI.Gate.Logic.csproj", "{6BEF383F-04CA-4BE0-ACDF-6F91186CB788}"
EndProject
Project("{9A19103F-16F7-4668-BE54-9A1E7A4F7556}") = "CraftAI.Gate.Interface", "SEGate.Interface\CraftAI.Gate.Interface.csproj", "{2873F9AA-6665-4F80-8D6E-96C12B76520E}"
EndProject
Project("{9A19103F-16F7-4668-BE54-9A1E7A4F7556}") = "CraftAI.Gate.Logic.Tests", "SEGate.Logic.Tests\CraftAI.Gate.Logic.Tests.csproj", "{C5E96DF9-D417-4126-A3F0-3B5848F263DB}"
EndProject
Project("{9A19103F-16F7-4668-BE54-9A1E7A4F7556}") = "CraftAI.Gate.Service", "CraftAI.Gate.Service\CraftAI.Gate.Service.csproj", "{A97D4A98-9A3D-4D72-8327-2FACED8CC358}"
EndProject
Project("{9A19103F-16F7-4668-BE54-9A1E7A4F7556}") = "CraftAI.Gate.Contract", "CraftAI.Gate.Contract\CraftAI.Gate.Contract.csproj", "{D93CBEE2-5C62-49E8-A87A-64E2319AC5C4}"
EndProject
Project("{9A19103F-16F7-4668-BE54-9A1E7A4F7556}") = "CraftAI.Gate.Features", "CraftAI.Gate.Logic\CraftAI.Gate.Features.csproj", "{97DE2A97-1CD6-4A85-ACAA-26CE2405F7EA}"
EndProject
Project("{2150E333-8FDC-42A3-9474-1A3956D46DE8}") = "old", "old", "{8B93824E-4EB0-4967-BAC7-8E31ED6CB0B6}"
EndProject
Project("{9A19103F-16F7-4668-BE54-9A1E7A4F7556}") = "Bost.Proto", "Bost.Proto\Bost.Proto.csproj", "{422E8826-95A2-407D-B078-0D45FC549384}"
EndProject
Global
	GlobalSection(SolutionConfigurationPlatforms) = preSolution
		Debug|Any CPU = Debug|Any CPU
		Release|Any CPU = Release|Any CPU
	EndGlobalSection
	GlobalSection(ProjectConfigurationPlatforms) = postSolution
		{6BEF383F-04CA-4BE0-ACDF-6F91186CB788}.Debug|Any CPU.ActiveCfg = Debug|Any CPU
		{6BEF383F-04CA-4BE0-ACDF-6F91186CB788}.Debug|Any CPU.Build.0 = Debug|Any CPU
		{6BEF383F-04CA-4BE0-ACDF-6F91186CB788}.Release|Any CPU.ActiveCfg = Release|Any CPU
		{6BEF383F-04CA-4BE0-ACDF-6F91186CB788}.Release|Any CPU.Build.0 = Release|Any CPU
		{2873F9AA-6665-4F80-8D6E-96C12B76520E}.Debug|Any CPU.ActiveCfg = Debug|Any CPU
		{2873F9AA-6665-4F80-8D6E-96C12B76520E}.Debug|Any CPU.Build.0 = Debug|Any CPU
		{2873F9AA-6665-4F80-8D6E-96C12B76520E}.Release|Any CPU.ActiveCfg = Release|Any CPU
		{2873F9AA-6665-4F80-8D6E-96C12B76520E}.Release|Any CPU.Build.0 = Release|Any CPU
		{C5E96DF9-D417-4126-A3F0-3B5848F263DB}.Debug|Any CPU.ActiveCfg = Debug|Any CPU
		{C5E96DF9-D417-4126-A3F0-3B5848F263DB}.Debug|Any CPU.Build.0 = Debug|Any CPU
		{C5E96DF9-D417-4126-A3F0-3B5848F263DB}.Release|Any CPU.ActiveCfg = Release|Any CPU
		{C5E96DF9-D417-4126-A3F0-3B5848F263DB}.Release|Any CPU.Build.0 = Release|Any CPU
		{A97D4A98-9A3D-4D72-8327-2FACED8CC358}.Debug|Any CPU.ActiveCfg = Debug|Any CPU
		{A97D4A98-9A3D-4D72-8327-2FACED8CC358}.Debug|Any CPU.Build.0 = Debug|Any CPU
		{A97D4A98-9A3D-4D72-8327-2FACED8CC358}.Release|Any CPU.ActiveCfg = Release|Any CPU
		{A97D4A98-9A3D-4D72-8327-2FACED8CC358}.Release|Any CPU.Build.0 = Release|Any CPU
		{D93CBEE2-5C62-49E8-A87A-64E2319AC5C4}.Debug|Any CPU.ActiveCfg = Debug|Any CPU
		{D93CBEE2-5C62-49E8-A87A-64E2319AC5C4}.Debug|Any CPU.Build.0 = Debug|Any CPU
		{D93CBEE2-5C62-49E8-A87A-64E2319AC5C4}.Release|Any CPU.ActiveCfg = Release|Any CPU
		{D93CBEE2-5C62-49E8-A87A-64E2319AC5C4}.Release|Any CPU.Build.0 = Release|Any CPU
		{97DE2A97-1CD6-4A85-ACAA-26CE2405F7EA}.Debug|Any CPU.ActiveCfg = Debug|Any CPU
		{97DE2A97-1CD6-4A85-ACAA-26CE2405F7EA}.Debug|Any CPU.Build.0 = Debug|Any CPU
		{97DE2A97-1CD6-4A85-ACAA-26CE2405F7EA}.Release|Any CPU.ActiveCfg = Release|Any CPU
		{97DE2A97-1CD6-4A85-ACAA-26CE2405F7EA}.Release|Any CPU.Build.0 = Release|Any CPU
		{422E8826-95A2-407D-B078-0D45FC549384}.Debug|Any CPU.ActiveCfg = Debug|Any CPU
		{422E8826-95A2-407D-B078-0D45FC549384}.Debug|Any CPU.Build.0 = Debug|Any CPU
		{422E8826-95A2-407D-B078-0D45FC549384}.Release|Any CPU.ActiveCfg = Release|Any CPU
		{422E8826-95A2-407D-B078-0D45FC549384}.Release|Any CPU.Build.0 = Release|Any CPU
	EndGlobalSection
	GlobalSection(SolutionProperties) = preSolution
		HideSolutionNode = FALSE
	EndGlobalSection
	GlobalSection(NestedProjects) = preSolution
		{C5E96DF9-D417-4126-A3F0-3B5848F263DB} = {14F5EB95-A337-4E63-88D0-244DAB14E721}
		{422E8826-95A2-407D-B078-0D45FC549384} = {8B93824E-4EB0-4967-BAC7-8E31ED6CB0B6}
	EndGlobalSection
	GlobalSection(ExtensibilityGlobals) = postSolution
		SolutionGuid = {2307B5F1-8D25-49B2-BBFB-B5E7F1A22958}
	EndGlobalSection
EndGlobal
